
Microsoft Visual Studio Solution File, Format Version 12.00
# Visual Studio Version 17
VisualStudioVersion = 17.0.31903.59
MinimumVisualStudioVersion = 10.0.40219.1
Project("{FAE04EC0-301F-11D3-BF4B-00C04F79EFBC}") = "ProsjekOcjena", "ProsjekOcjena.csproj", "{33DDDECC-57AB-42F3-9A7D-EF039B479529}"
EndProject
Global
	GlobalSection(SolutionConfigurationPlatforms) = preSolution
		Debug|Any CPU = Debug|Any CPU
		Release|Any CPU = Release|Any CPU
	EndGlobalSection
	GlobalSection(ProjectConfigurationPlatforms) = postSolution
		{33DDDECC-57AB-42F3-9A7D-EF039B479529}.Debug|Any CPU.ActiveCfg = Debug|Any CPU
		{33DDDECC-57AB-42F3-9A7D-EF039B479529}.Debug|Any CPU.Build.0 = Debug|Any CPU
		{33DDDECC-57AB-42F3-9A7D-EF039B479529}.Release|Any CPU.ActiveCfg = Release|Any CPU
		{33DDDECC-57AB-42F3-9A7D-EF039B479529}.Release|Any CPU.Build.0 = Release|Any CPU
	EndGlobalSection
	GlobalSection(SolutionProperties) = preSolution
		HideSolutionNode = FALSE
	EndGlobalSection
	GlobalSection(ExtensibilityGlobals) = postSolution
		SolutionGuid = {F0FDE4E8-2784-4E6E-B872-451D29D062B2}
	EndGlobalSection
EndGlobal
